
Microsoft Visual Studio Solution File, Format Version 12.00
# Visual Studio Version 17
VisualStudioVersion = 17.4.33213.308
MinimumVisualStudioVersion = 10.0.40219.1
Project("{FAE04EC0-301F-11D3-BF4B-00C04F79EFBC}") = "Project1", "Project1\Project1.csproj", "{93C33026-E096-4C91-A6B2-0C493206B6CE}"
EndProject
Global
	GlobalSection(SolutionConfigurationPlatforms) = preSolution
		Debug|Any CPU = Debug|Any CPU
		Release|Any CPU = Release|Any CPU
	EndGlobalSection
	GlobalSection(ProjectConfigurationPlatforms) = postSolution
		{93C33026-E096-4C91-A6B2-0C493206B6CE}.Debug|Any CPU.ActiveCfg = Debug|Any CPU
		{93C33026-E096-4C91-A6B2-0C493206B6CE}.Debug|Any CPU.Build.0 = Debug|Any CPU
		{93C33026-E096-4C91-A6B2-0C493206B6CE}.Release|Any CPU.ActiveCfg = Release|Any CPU
		{93C33026-E096-4C91-A6B2-0C493206B6CE}.Release|Any CPU.Build.0 = Release|Any CPU
	EndGlobalSection
	GlobalSection(SolutionProperties) = preSolution
		HideSolutionNode = FALSE
	EndGlobalSection
	GlobalSection(ExtensibilityGlobals) = postSolution
		SolutionGuid = {B04F7B0E-1FB3-4B6A-951F-E23EA604898D}
	EndGlobalSection
EndGlobal
